
Microsoft Visual Studio Solution File, Format Version 12.00
# Visual Studio Version 17
VisualStudioVersion = 17.7.34024.191
MinimumVisualStudioVersion = 10.0.40219.1
Project("{FAE04EC0-301F-11D3-BF4B-00C04F79EFBC}") = "MagicVilla_API", "MagicVilla_API\MagicVilla_API.csproj", "{00AEBCF7-9CB3-42D2-890C-4535A6115D88}"
EndProject
Global
	GlobalSection(SolutionConfigurationPlatforms) = preSolution
		Debug|Any CPU = Debug|Any CPU
		Release|Any CPU = Release|Any CPU
	EndGlobalSection
	GlobalSection(ProjectConfigurationPlatforms) = postSolution
		{00AEBCF7-9CB3-42D2-890C-4535A6115D88}.Debug|Any CPU.ActiveCfg = Debug|Any CPU
		{00AEBCF7-9CB3-42D2-890C-4535A6115D88}.Debug|Any CPU.Build.0 = Debug|Any CPU
		{00AEBCF7-9CB3-42D2-890C-4535A6115D88}.Release|Any CPU.ActiveCfg = Release|Any CPU
		{00AEBCF7-9CB3-42D2-890C-4535A6115D88}.Release|Any CPU.Build.0 = Release|Any CPU
	EndGlobalSection
	GlobalSection(SolutionProperties) = preSolution
		HideSolutionNode = FALSE
	EndGlobalSection
	GlobalSection(ExtensibilityGlobals) = postSolution
		SolutionGuid = {FB7E2BF2-CCAF-46DD-AE01-BF0CCDD323BE}
	EndGlobalSection
EndGlobal
